
Microsoft Visual Studio Solution File, Format Version 12.00
# Visual Studio Version 16
VisualStudioVersion = 16.0.31019.35
MinimumVisualStudioVersion = 10.0.40219.1
Project("{FAE04EC0-301F-11D3-BF4B-00C04F79EFBC}") = "ProjectSem3", "ProjectSem3.csproj", "{1BB18C03-6025-43BB-98C7-858CBB2769D3}"
EndProject
Global
	GlobalSection(SolutionConfigurationPlatforms) = preSolution
		Debug|Any CPU = Debug|Any CPU
		Release|Any CPU = Release|Any CPU
	EndGlobalSection
	GlobalSection(ProjectConfigurationPlatforms) = postSolution
		{1BB18C03-6025-43BB-98C7-858CBB2769D3}.Debug|Any CPU.ActiveCfg = Debug|Any CPU
		{1BB18C03-6025-43BB-98C7-858CBB2769D3}.Debug|Any CPU.Build.0 = Debug|Any CPU
		{1BB18C03-6025-43BB-98C7-858CBB2769D3}.Release|Any CPU.ActiveCfg = Release|Any CPU
		{1BB18C03-6025-43BB-98C7-858CBB2769D3}.Release|Any CPU.Build.0 = Release|Any CPU
	EndGlobalSection
	GlobalSection(SolutionProperties) = preSolution
		HideSolutionNode = FALSE
	EndGlobalSection
	GlobalSection(ExtensibilityGlobals) = postSolution
		SolutionGuid = {D4E5BCFC-14A5-4E63-8DE3-517753A15E87}
	EndGlobalSection
EndGlobal
